github.com/alicebob/gopher-json v0.0.0-20180125190556-5a6b3ba71ee6 h1:45bxf7AZMwWcqkLzDAQugVEwedisr5nRJ1r+7LYnv0U=
github.com/alicebob/gopher-json v0.0.0-20180125190556-5a6b3ba71ee6/go.mod h1:SGnFV6hVsYE877CKEZ6tDNTjaSXYUk6QqoIK6PrAtcc=
github.com/chzyer/logex v1.1.10 h1:Swpa1K6QvQznwJRcfTfQJmTE72DqScAa40E+fbHEXEE=
github.com/chzyer/logex v1.1.10/go.mod h1:+Ywpsq7O8HXn0nuIou7OrIPyXbp3wmkHB+jjWRnGsAI=
github.com/chzyer/readline v0.0.0-20180603132655-2972be24d48e h1:fY5BOSpyZCqRo5OhCuC+XN+r/bBCmeuuJtjz+bCNIf8=
github.com/chzyer/readline v0.0.0-20180603132655-2972be24d48e/go.mod h1:nSuG5e5PlCu98SY8svDHJxuZscDgtXS6KTTbou5AhLI=
github.com/chzyer/test v0.0.0-20180213035817-a1ea475d72b1 h1:q763qf9huN11kDQavWsoZXJNW3xEE4JJyHa5Q25/sd8=
github.com/chzyer/test v0.0.0-20180213035817-a1ea475d72b1/go.mod h1:Q3SI9o4m/ZMnBNeIyt5eFwwo7qiLfzFZmjNmxjkiQlU=
github.com/davecgh/go-spew v1.1.0 h1:ZDRjVQ15GmhC3fiQ8ni8+OwkZQO4DARzQgrnXU1Liz8=
github.com/davecgh/go-spew v1.1.0/go.mod h1:J7Y8YcW2NihsgmVo/mv3lAwl/skON4iLHjSsI+c5H38=
github.com/gomodule/redigo v2.0.0+incompatible h1:K/R+8tc58AaqLkqG2Ol3Qk+DR/TlNuhuh457pBFPtt0=
github.com/gomodule/redigo v2.0.0+incompatible/go.mod h1:B4C85qUVwatsJoIUNIfCRsp7qO0iAmpGFZ4EELWSbC4=
github.com/google/uuid v1.1.1 h1:Gkbcsh/GbpXz7lPftLA3P6TYMwjCLYm83jiFQZF/3gY=
github.com/google/uuid v1.1.1/go.mod h1:TIyPZe4MgqvfeYDBFedMoGGpEw/LqOeaOT+nhxU+yHo=
github.com/matryer/is v1.2.0 h1:92UTHpy8CDwaJ08GqLDzhhuixiBUUD1p3AU6PHddz4A=
github.com/matryer/is v1.2.0/go.mod h1:2fLPjFQM9rhQ15aVEtbuwhJinnOqrmgXPNdZsdwlWXA=
github.com/mitchellh/copystructure v1.0.0 h1:Laisrj+bAB6b/yJwB5Bt3ITZhGJdqmxquMKeZ+mmkFQ=
github.com/mitchellh/copystructure v1.0.0/go.mod h1:SNtv71yrdKgLRyLFxmLdkAbkKEFWgYaq1OVrnRcwhnw=
github.com/mitchellh/reflectwalk v1.0.0 h1:9D+8oIskB4VJBN5SFlmc27fSlIBZaov1Wpk/IfikLNY=
github.com/mitchellh/reflectwalk v1.0.0/go.mod h1:mSTlrgnPZtwu0c4WaC2kGObEpuNDbx0jmZXqmk4esnw=
github.com/nbutton23/zxcvbn-go v0.0.0-20180912185939-ae427f1e4c1d h1:AREM5mwr4u1ORQBMvzfzBgpsctsbQikCVpvC+tX285E=
github.com/nbutton23/zxcvbn-go v0.0.0-20180912185939-ae427f1e4c1d/go.mod h1:o96djdrsSGy3AWPyBgZMAGfxZNfgntdJG+11KU4QvbU=
github.com/pmezard/go-difflib v1.0.0 h1:4DBwDE0NGyQoBHbLQYPwSUPoCMWR5BEzIk/f1lZbAQM=
github.com/pmezard/go-difflib v1.0.0/go.mod h1:iKH77koFhYxTK1pcRnkKkqfTogsbg7gZNVY4sRDYZ/4=
github.com/stretchr/objx v0.1.0 h1:4G4v2dO3VZwixGIRoQ5Lfboy6nUhCyYzaqnIAPPhYs4=
github.com/stretchr/objx v0.1.0/go.mod h1:HFkY916IF+rwdDfMAkV7OtwuqBVzrE8GR6GFx+wExME=
github.com/stretchr/testify v1.3.0 h1:TivCn/peBQ7UY8ooIcPgZFpTNSz0Q2U6UrFlUfqbe0Q=
github.com/stretchr/testify v1.3.0/go.mod h1:M5WIy9Dh21IEIfnGCwXGc5bZfKNJtfHm1UVUgZn+9EI=
github.com/yuin/gopher-lua v0.0.0-20190206043414-8bfc7677f583 h1:SZPG5w7Qxq7bMcMVl6e3Ht2X7f+AAGQdzjkbyOnNNZ8=
github.com/yuin/gopher-lua v0.0.0-20190206043414-8bfc7677f583/go.mod h1:gqRgreBUhTSL0GeU64rtZ3Uq3wtjOa/TB2YfrtkCbVQ=
golang.org/x/sys v0.0.0-20190204203706-41f3e6584952 h1:FDfvYgoVsA7TTZSbgiqjAbfPbK47CNHdWl3h/PJtii0=
golang.org/x/sys v0.0.0-20190204203706-41f3e6584952/go.mod h1:STP8DvDyc/dI5b8T5hshtkjS+E42TnysNCUPdjciGhY=
